
Microsoft Visual Studio Solution File, Format Version 12.00
# Visual Studio Version 17
VisualStudioVersion = 17.6.33723.286
MinimumVisualStudioVersion = 10.0.40219.1
Project("{FAE04EC0-301F-11D3-BF4B-00C04F79EFBC}") = "CleanZone", "CleanZone\CleanZone.csproj", "{A9E0C53A-B056-400F-8799-8A65334DABFD}"
EndProject
Global
	GlobalSection(SolutionConfigurationPlatforms) = preSolution
		Debug|Any CPU = Debug|Any CPU
		Release|Any CPU = Release|Any CPU
	EndGlobalSection
	GlobalSection(ProjectConfigurationPlatforms) = postSolution
		{A9E0C53A-B056-400F-8799-8A65334DABFD}.Debug|Any CPU.ActiveCfg = Debug|Any CPU
		{A9E0C53A-B056-400F-8799-8A65334DABFD}.Debug|Any CPU.Build.0 = Debug|Any CPU
		{A9E0C53A-B056-400F-8799-8A65334DABFD}.Release|Any CPU.ActiveCfg = Release|Any CPU
		{A9E0C53A-B056-400F-8799-8A65334DABFD}.Release|Any CPU.Build.0 = Release|Any CPU
	EndGlobalSection
	GlobalSection(SolutionProperties) = preSolution
		HideSolutionNode = FALSE
	EndGlobalSection
	GlobalSection(ExtensibilityGlobals) = postSolution
		SolutionGuid = {13CC4FA1-DA97-4D5B-9103-C886F8114C99}
	EndGlobalSection
EndGlobal
